{
    "name": "basic",
    "lockfileVersion": 3,
    "requires": true,
    "packages": {
        "": {
            "dependencies": {
                "@microsoft/agents-hosting-express": "file:../../packages/agents-hosting-express"
            }
        },
        "../../packages/agents-hosting-express": {
            "name": "@microsoft/agents-hosting-express",
            "version": "0.1.0",
            "license": "MIT",
            "dependencies": {
                "@microsoft/agents-hosting": "file:../agents-hosting",
                "express": "^5.1.0"
            },
            "devDependencies": {
                "@types/express": "^5.0.1"
            },
            "engines": {
                "node": ">=18.0.0"
            }
        },
        "node_modules/@microsoft/agents-hosting-express": {
            "resolved": "../../packages/agents-hosting-express",
            "link": true
        }
    }
}
